// !$*UTF8*$!
{
	archiveVersion = 1;
	classes = {
	};
	objectVersion = 55;
	objects = {

/* Begin PBXBuildFile section */
		5F505C39291691E30059EC02 /* AppDelegate.swift in Sources */ = {isa = PBXBuildFile; fileRef = 5F505C38291691E30059EC02 /* AppDelegate.swift */; };
		5F505C3B291691E30059EC02 /* SceneDelegate.swift in Sources */ = {isa = PBXBuildFile; fileRef = 5F505C3A291691E30059EC02 /* SceneDelegate.swift */; };
		5F505C40291691E30059EC02 /* Main.storyboard in Resources */ = {isa = PBXBuildFile; fileRef = 5F505C3E291691E30059EC02 /* Main.storyboard */; };
		5F505C42291691E40059EC02 /* Assets.xcassets in Resources */ = {isa = PBXBuildFile; fileRef = 5F505C41291691E40059EC02 /* Assets.xcassets */; };
		5F505C45291691E40059EC02 /* LaunchScreen.storyboard in Resources */ = {isa = PBXBuildFile; fileRef = 5F505C43291691E40059EC02 /* LaunchScreen.storyboard */; };
		5F505C50291691E40059EC02 /* TwitteeSampleAppTests.swift in Sources */ = {isa = PBXBuildFile; fileRef = 5F505C4F291691E40059EC02 /* TwitteeSampleAppTests.swift */; };
		5F505C5A291691E40059EC02 /* TwitteeSampleAppUITests.swift in Sources */ = {isa = PBXBuildFile; fileRef = 5F505C59291691E40059EC02 /* TwitteeSampleAppUITests.swift */; };
		5F505C5C291691E40059EC02 /* TwitteeSampleAppUITestsLaunchTests.swift in Sources */ = {isa = PBXBuildFile; fileRef = 5F505C5B291691E40059EC02 /* TwitteeSampleAppUITestsLaunchTests.swift */; };
		5F505C692916957A0059EC02 /* TimelineViewController.swift in Sources */ = {isa = PBXBuildFile; fileRef = 5F505C682916957A0059EC02 /* TimelineViewController.swift */; };
		5F505C6B2916ADEB0059EC02 /* TimelineDataModel.swift in Sources */ = {isa = PBXBuildFile; fileRef = 5F505C6A2916ADEB0059EC02 /* TimelineDataModel.swift */; };
		5F505C6E291787590059EC02 /* TimelineTableViewCell.swift in Sources */ = {isa = PBXBuildFile; fileRef = 5F505C6C291787590059EC02 /* TimelineTableViewCell.swift */; };
		5F505C6F291787590059EC02 /* TimelineTableViewCell.xib in Resources */ = {isa = PBXBuildFile; fileRef = 5F505C6D291787590059EC02 /* TimelineTableViewCell.xib */; };
/* End PBXBuildFile section */

/* Begin PBXContainerItemProxy section */
		5F505C4C291691E40059EC02 /* PBXContainerItemProxy */ = {
			isa = PBXContainerItemProxy;
			containerPortal = 5F505C2D291691E30059EC02 /* Project object */;
			proxyType = 1;
			remoteGlobalIDString = 5F505C34291691E30059EC02;
			remoteInfo = TwitteeSampleApp;
		};
		5F505C56291691E40059EC02 /* PBXContainerItemProxy */ = {
			isa = PBXContainerItemProxy;
			containerPortal = 5F505C2D291691E30059EC02 /* Project object */;
			proxyType = 1;
			remoteGlobalIDString = 5F505C34291691E30059EC02;
			remoteInfo = TwitteeSampleApp;
		};
/* End PBXContainerItemProxy section */

/* Begin PBXFileReference section */
		5F505C35291691E30059EC02 /* TwitteeSampleApp.app */ = {isa = PBXFileReference; explicitFileType = wrapper.application; includeInIndex = 0; path = TwitteeSampleApp.app; sourceTree = BUILT_PRODUCTS_DIR; };
		5F505C38291691E30059EC02 /* AppDelegate.swift */ = {isa = PBXFileReference; lastKnownFileType = sourcecode.swift; path = AppDelegate.swift; sourceTree = "<group>"; };
		5F505C3A291691E30059EC02 /* SceneDelegate.swift */ = {isa = PBXFileReference; lastKnownFileType = sourcecode.swift; path = SceneDelegate.swift; sourceTree = "<group>"; };
		5F505C3F291691E30059EC02 /* Base */ = {isa = PBXFileReference; lastKnownFileType = file.storyboard; name = Base; path = Base.lproj/Main.storyboard; sourceTree = "<group>"; };
		5F505C41291691E40059EC02 /* Assets.xcassets */ = {isa = PBXFileReference; lastKnownFileType = folder.assetcatalog; path = Assets.xcassets; sourceTree = "<group>"; };
		5F505C44291691E40059EC02 /* Base */ = {isa = PBXFileReference; lastKnownFileType = file.storyboard; name = Base; path = Base.lproj/LaunchScreen.storyboard; sourceTree = "<group>"; };
		5F505C46291691E40059EC02 /* Info.plist */ = {isa = PBXFileReference; lastKnownFileType = text.plist.xml; path = Info.plist; sourceTree = "<group>"; };
		5F505C4B291691E40059EC02 /* TwitteeSampleAppTests.xctest */ = {isa = PBXFileReference; explicitFileType = wrapper.cfbundle; includeInIndex = 0; path = TwitteeSampleAppTests.xctest; sourceTree = BUILT_PRODUCTS_DIR; };
		5F505C4F291691E40059EC02 /* TwitteeSampleAppTests.swift */ = {isa = PBXFileReference; lastKnownFileType = sourcecode.swift; path = TwitteeSampleAppTests.swift; sourceTree = "<group>"; };
		5F505C55291691E40059EC02 /* TwitteeSampleAppUITests.xctest */ = {isa = PBXFileReference; explicitFileType = wrapper.cfbundle; includeInIndex = 0; path = TwitteeSampleAppUITests.xctest; sourceTree = BUILT_PRODUCTS_DIR; };
		5F505C59291691E40059EC02 /* TwitteeSampleAppUITests.swift */ = {isa = PBXFileReference; lastKnownFileType = sourcecode.swift; path = TwitteeSampleAppUITests.swift; sourceTree = "<group>"; };
		5F505C5B291691E40059EC02 /* TwitteeSampleAppUITestsLaunchTests.swift */ = {isa = PBXFileReference; lastKnownFileType = sourcecode.swift; path = TwitteeSampleAppUITestsLaunchTests.swift; sourceTree = "<group>"; };
		5F505C682916957A0059EC02 /* TimelineViewController.swift */ = {isa = PBXFileReference; lastKnownFileType = sourcecode.swift; path = TimelineViewController.swift; sourceTree = "<group>"; };
		5F505C6A2916ADEB0059EC02 /* TimelineDataModel.swift */ = {isa = PBXFileReference; lastKnownFileType = sourcecode.swift; path = TimelineDataModel.swift; sourceTree = "<group>"; };
		5F505C6C291787590059EC02 /* TimelineTableViewCell.swift */ = {isa = PBXFileReference; lastKnownFileType = sourcecode.swift; path = TimelineTableViewCell.swift; sourceTree = "<group>"; };
		5F505C6D291787590059EC02 /* TimelineTableViewCell.xib */ = {isa = PBXFileReference; lastKnownFileType = file.xib; path = TimelineTableViewCell.xib; sourceTree = "<group>"; };
/* End PBXFileReference section */

/* Begin PBXFrameworksBuildPhase section */
		5F505C32291691E30059EC02 /* Frameworks */ = {
			isa = PBXFrameworksBuildPhase;
			buildActionMask = 2147483647;
			files = (
			);
			runOnlyForDeploymentPostprocessing = 0;
		};
		5F505C48291691E40059EC02 /* Frameworks */ = {
			isa = PBXFrameworksBuildPhase;
			buildActionMask = 2147483647;
			files = (
			);
			runOnlyForDeploymentPostprocessing = 0;
		};
		5F505C52291691E40059EC02 /* Frameworks */ = {
			isa = PBXFrameworksBuildPhase;
			buildActionMask = 2147483647;
			files = (
			);
			runOnlyForDeploymentPostprocessing = 0;
		};
/* End PBXFrameworksBuildPhase section */

/* Begin PBXGroup section */
		5F505C2C291691E30059EC02 = {
			isa = PBXGroup;
			children = (
				5F505C37291691E30059EC02 /* TwitteeSampleApp */,
				5F505C4E291691E40059EC02 /* TwitteeSampleAppTests */,
				5F505C58291691E40059EC02 /* TwitteeSampleAppUITests */,
				5F505C36291691E30059EC02 /* Products */,
			);
			sourceTree = "<group>";
		};
		5F505C36291691E30059EC02 /* Products */ = {
			isa = PBXGroup;
			children = (
				5F505C35291691E30059EC02 /* TwitteeSampleApp.app */,
				5F505C4B291691E40059EC02 /* TwitteeSampleAppTests.xctest */,
				5F505C55291691E40059EC02 /* TwitteeSampleAppUITests.xctest */,
			);
			name = Products;
			sourceTree = "<group>";
		};
		5F505C37291691E30059EC02 /* TwitteeSampleApp */ = {
			isa = PBXGroup;
			children = (
				5F505C682916957A0059EC02 /* TimelineViewController.swift */,
				5F505C38291691E30059EC02 /* AppDelegate.swift */,
				5F505C3A291691E30059EC02 /* SceneDelegate.swift */,
				5F505C3E291691E30059EC02 /* Main.storyboard */,
				5F505C41291691E40059EC02 /* Assets.xcassets */,
				5F505C43291691E40059EC02 /* LaunchScreen.storyboard */,
				5F505C46291691E40059EC02 /* Info.plist */,
				5F505C6A2916ADEB0059EC02 /* TimelineDataModel.swift */,
				5F505C6C291787590059EC02 /* TimelineTableViewCell.swift */,
				5F505C6D291787590059EC02 /* TimelineTableViewCell.xib */,
			);
			path = TwitteeSampleApp;
			sourceTree = "<group>";
		};
		5F505C4E291691E40059EC02 /* TwitteeSampleAppTests */ = {
			isa = PBXGroup;
			children = (
				5F505C4F291691E40059EC02 /* TwitteeSampleAppTests.swift */,
			);
			path = TwitteeSampleAppTests;
			sourceTree = "<group>";
		};
		5F505C58291691E40059EC02 /* TwitteeSampleAppUITests */ = {
			isa = PBXGroup;
			children = (
				5F505C59291691E40059EC02 /* TwitteeSampleAppUITests.swift */,
				5F505C5B291691E40059EC02 /* TwitteeSampleAppUITestsLaunchTests.swift */,
			);
			path = TwitteeSampleAppUITests;
			sourceTree = "<group>";
		};
/* End PBXGroup section */

/* Begin PBXNativeTarget section */
		5F505C34291691E30059EC02 /* TwitteeSampleApp */ = {
			isa = PBXNativeTarget;
			buildConfigurationList = 5F505C5F291691E40059EC02 /* Build configuration list for PBXNativeTarget "TwitteeSampleApp" */;
			buildPhases = (
				5F505C31291691E30059EC02 /* Sources */,
				5F505C32291691E30059EC02 /* Frameworks */,
				5F505C33291691E30059EC02 /* Resources */,
			);
			buildRules = (
			);
			dependencies = (
			);
			name = TwitteeSampleApp;
			productName = TwitteeSampleApp;
			productReference = 5F505C35291691E30059EC02 /* TwitteeSampleApp.app */;
			productType = "com.apple.product-type.application";
		};
		5F505C4A291691E40059EC02 /* TwitteeSampleAppTests */ = {
			isa = PBXNativeTarget;
			buildConfigurationList = 5F505C62291691E40059EC02 /* Build configuration list for PBXNativeTarget "TwitteeSampleAppTests" */;
			buildPhases = (
				5F505C47291691E40059EC02 /* Sources */,
				5F505C48291691E40059EC02 /* Frameworks */,
				5F505C49291691E40059EC02 /* Resources */,
			);
			buildRules = (
			);
			dependencies = (
				5F505C4D291691E40059EC02 /* PBXTargetDependency */,
			);
			name = TwitteeSampleAppTests;
			productName = TwitteeSampleAppTests;
			productReference = 5F505C4B291691E40059EC02 /* TwitteeSampleAppTests.xctest */;
			productType = "com.apple.product-type.bundle.unit-test";
		};
		5F505C54291691E40059EC02 /* TwitteeSampleAppUITests */ = {
			isa = PBXNativeTarget;
			buildConfigurationList = 5F505C65291691E40059EC02 /* Build configuration list for PBXNativeTarget "TwitteeSampleAppUITests" */;
			buildPhases = (
				5F505C51291691E40059EC02 /* Sources */,
				5F505C52291691E40059EC02 /* Frameworks */,
				5F505C53291691E40059EC02 /* Resources */,
			);
			buildRules = (
			);
			dependencies = (
				5F505C57291691E40059EC02 /* PBXTargetDependency */,
			);
			name = TwitteeSampleAppUITests;
			productName = TwitteeSampleAppUITests;
			productReference = 5F505C55291691E40059EC02 /* TwitteeSampleAppUITests.xctest */;
			productType = "com.apple.product-type.bundle.ui-testing";
		};
/* End PBXNativeTarget section */

/* Begin PBXProject section */
		5F505C2D291691E30059EC02 /* Project object */ = {
			isa = PBXProject;
			attributes = {
				BuildIndependentTargetsInParallel = 1;
				LastSwiftUpdateCheck = 1340;
				LastUpgradeCheck = 1340;
				TargetAttributes = {
					5F505C34291691E30059EC02 = {
						CreatedOnToolsVersion = 13.4.1;
					};
					5F505C4A291691E40059EC02 = {
						CreatedOnToolsVersion = 13.4.1;
						TestTargetID = 5F505C34291691E30059EC02;
					};
					5F505C54291691E40059EC02 = {
						CreatedOnToolsVersion = 13.4.1;
						TestTargetID = 5F505C34291691E30059EC02;
					};
				};
			};
			buildConfigurationList = 5F505C30291691E30059EC02 /* Build configuration list for PBXProject "TwitteeSampleApp" */;
			compatibilityVersion = "Xcode 13.0";
			developmentRegion = en;
			hasScannedForEncodings = 0;
			knownRegions = (
				en,
				Base,
			);
			mainGroup = 5F505C2C291691E30059EC02;
			productRefGroup = 5F505C36291691E30059EC02 /* Products */;
			projectDirPath = "";
			projectRoot = "";
			targets = (
				5F505C34291691E30059EC02 /* TwitteeSampleApp */,
				5F505C4A291691E40059EC02 /* TwitteeSampleAppTests */,
				5F505C54291691E40059EC02 /* TwitteeSampleAppUITests */,
			);
		};
/* End PBXProject section */

/* Begin PBXResourcesBuildPhase section */
		5F505C33291691E30059EC02 /* Resources */ = {
			isa = PBXResourcesBuildPhase;
			buildActionMask = 2147483647;
			files = (
				5F505C6F291787590059EC02 /* TimelineTableViewCell.xib in Resources */,
				5F505C45291691E40059EC02 /* LaunchScreen.storyboard in Resources */,
				5F505C42291691E40059EC02 /* Assets.xcassets in Resources */,
				5F505C40291691E30059EC02 /* Main.storyboard in Resources */,
			);
			runOnlyForDeploymentPostprocessing = 0;
		};
		5F505C49291691E40059EC02 /* Resources */ = {
			isa = PBXResourcesBuildPhase;
			buildActionMask = 2147483647;
			files = (
			);
			runOnlyForDeploymentPostprocessing = 0;
		};
		5F505C53291691E40059EC02 /* Resources */ = {
			isa = PBXResourcesBuildPhase;
			buildActionMask = 2147483647;
			files = (
			);
			runOnlyForDeploymentPostprocessing = 0;
		};
/* End PBXResourcesBuildPhase section */

/* Begin PBXSourcesBuildPhase section */
		5F505C31291691E30059EC02 /* Sources */ = {
			isa = PBXSourcesBuildPhase;
			buildActionMask = 2147483647;
			files = (
				5F505C6B2916ADEB0059EC02 /* TimelineDataModel.swift in Sources */,
				5F505C692916957A0059EC02 /* TimelineViewController.swift in Sources */,
				5F505C6E291787590059EC02 /* TimelineTableViewCell.swift in Sources */,
				5F505C39291691E30059EC02 /* AppDelegate.swift in Sources */,
				5F505C3B291691E30059EC02 /* SceneDelegate.swift in Sources */,
			);
			runOnlyForDeploymentPostprocessing = 0;
		};
		5F505C47291691E40059EC02 /* Sources */ = {
			isa = PBXSourcesBuildPhase;
			buildActionMask = 2147483647;
			files = (
				5F505C50291691E40059EC02 /* TwitteeSampleAppTests.swift in Sources */,
			);
			runOnlyForDeploymentPostprocessing = 0;
		};
		5F505C51291691E40059EC02 /* Sources */ = {
			isa = PBXSourcesBuildPhase;
			buildActionMask = 2147483647;
			files = (
				5F505C5A291691E40059EC02 /* TwitteeSampleAppUITests.swift in Sources */,
				5F505C5C291691E40059EC02 /* TwitteeSampleAppUITestsLaunchTests.swift in Sources */,
			);
			runOnlyForDeploymentPostprocessing = 0;
		};
/* End PBXSourcesBuildPhase section */

/* Begin PBXTargetDependency section */
		5F505C4D291691E40059EC02 /* PBXTargetDependency */ = {
			isa = PBXTargetDependency;
			target = 5F505C34291691E30059EC02 /* TwitteeSampleApp */;
			targetProxy = 5F505C4C291691E40059EC02 /* PBXContainerItemProxy */;
		};
		5F505C57291691E40059EC02 /* PBXTargetDependency */ = {
			isa = PBXTargetDependency;
			target = 5F505C34291691E30059EC02 /* TwitteeSampleApp */;
			targetProxy = 5F505C56291691E40059EC02 /* PBXContainerItemProxy */;
		};
/* End PBXTargetDependency section */

/* Begin PBXVariantGroup section */
		5F505C3E291691E30059EC02 /* Main.storyboard */ = {
			isa = PBXVariantGroup;
			children = (
				5F505C3F291691E30059EC02 /* Base */,
			);
			name = Main.storyboard;
			sourceTree = "<group>";
		};
		5F505C43291691E40059EC02 /* LaunchScreen.storyboard */ = {
			isa = PBXVariantGroup;
			children = (
				5F505C44291691E40059EC02 /* Base */,
			);
			name = LaunchScreen.storyboard;
			sourceTree = "<group>";
		};
/* End PBXVariantGroup section */

/* Begin XCBuildConfiguration section */
		5F505C5D291691E40059EC02 /* Debug */ = {
			isa = XCBuildConfiguration;
			buildSettings = {
				ALWAYS_SEARCH_USER_PATHS = NO;
				CLANG_ANALYZER_NONNULL = YES;
				CLANG_ANALYZER_NUMBER_OBJECT_CONVERSION = YES_AGGRESSIVE;
				CLANG_CXX_LANGUAGE_STANDARD = "gnu++17";
				CLANG_ENABLE_MODULES = YES;
				CLANG_ENABLE_OBJC_ARC = YES;
				CLANG_ENABLE_OBJC_WEAK = YES;
				CLANG_WARN_BLOCK_CAPTURE_AUTORELEASING = YES;
				CLANG_WARN_BOOL_CONVERSION = YES;
				CLANG_WARN_COMMA = YES;
				CLANG_WARN_CONSTANT_CONVERSION = YES;
				CLANG_WARN_DEPRECATED_OBJC_IMPLEMENTATIONS = YES;
				CLANG_WARN_DIRECT_OBJC_ISA_USAGE = YES_ERROR;
				CLANG_WARN_DOCUMENTATION_COMMENTS = YES;
				CLANG_WARN_EMPTY_BODY = YES;
				CLANG_WARN_ENUM_CONVERSION = YES;
				CLANG_WARN_INFINITE_RECURSION = YES;
				CLANG_WARN_INT_CONVERSION = YES;
				CLANG_WARN_NON_LITERAL_NULL_CONVERSION = YES;
				CLANG_WARN_OBJC_IMPLICIT_RETAIN_SELF = YES;
				CLANG_WARN_OBJC_LITERAL_CONVERSION = YES;
				CLANG_WARN_OBJC_ROOT_CLASS = YES_ERROR;
				CLANG_WARN_QUOTED_INCLUDE_IN_FRAMEWORK_HEADER = YES;
				CLANG_WARN_RANGE_LOOP_ANALYSIS = YES;
				CLANG_WARN_STRICT_PROTOTYPES = YES;
				CLANG_WARN_SUSPICIOUS_MOVE = YES;
				CLANG_WARN_UNGUARDED_AVAILABILITY = YES_AGGRESSIVE;
				CLANG_WARN_UNREACHABLE_CODE = YES;
				CLANG_WARN__DUPLICATE_METHOD_MATCH = YES;
				COPY_PHASE_STRIP = NO;
				DEBUG_INFORMATION_FORMAT = dwarf;
				ENABLE_STRICT_OBJC_MSGSEND = YES;
				ENABLE_TESTABILITY = YES;
				GCC_C_LANGUAGE_STANDARD = gnu11;
				GCC_DYNAMIC_NO_PIC = NO;
				GCC_NO_COMMON_BLOCKS = YES;
				GCC_OPTIMIZATION_LEVEL = 0;
				GCC_PREPROCESSOR_DEFINITIONS = (
					"DEBUG=1",
					"$(inherited)",
				);
				GCC_WARN_64_TO_32_BIT_CONVERSION = YES;
				GCC_WARN_ABOUT_RETURN_TYPE = YES_ERROR;
				GCC_WARN_UNDECLARED_SELECTOR = YES;
				GCC_WARN_UNINITIALIZED_AUTOS = YES_AGGRESSIVE;
				GCC_WARN_UNUSED_FUNCTION = YES;
				GCC_WARN_UNUSED_VARIABLE = YES;
				IPHONEOS_DEPLOYMENT_TARGET = 15.5;
				MTL_ENABLE_DEBUG_INFO = INCLUDE_SOURCE;
				MTL_FAST_MATH = YES;
				ONLY_ACTIVE_ARCH = YES;
				SDKROOT = iphoneos;
				SWIFT_ACTIVE_COMPILATION_CONDITIONS = DEBUG;
				SWIFT_OPTIMIZATION_LEVEL = "-Onone";
			};
			name = Debug;
		};
		5F505C5E291691E40059EC02 /* Release */ = {
			isa = XCBuildConfiguration;
			buildSettings = {
				ALWAYS_SEARCH_USER_PATHS = NO;
				CLANG_ANALYZER_NONNULL = YES;
				CLANG_ANALYZER_NUMBER_OBJECT_CONVERSION = YES_AGGRESSIVE;
				CLANG_CXX_LANGUAGE_STANDARD = "gnu++17";
				CLANG_ENABLE_MODULES = YES;
				CLANG_ENABLE_OBJC_ARC = YES;
				CLANG_ENABLE_OBJC_WEAK = YES;
				CLANG_WARN_BLOCK_CAPTURE_AUTORELEASING = YES;
				CLANG_WARN_BOOL_CONVERSION = YES;
				CLANG_WARN_COMMA = YES;
				CLANG_WARN_CONSTANT_CONVERSION = YES;
				CLANG_WARN_DEPRECATED_OBJC_IMPLEMENTATIONS = YES;
				CLANG_WARN_DIRECT_OBJC_ISA_USAGE = YES_ERROR;
				CLANG_WARN_DOCUMENTATION_COMMENTS = YES;
				CLANG_WARN_EMPTY_BODY = YES;
				CLANG_WARN_ENUM_CONVERSION = YES;
				CLANG_WARN_INFINITE_RECURSION = YES;
				CLANG_WARN_INT_CONVERSION = YES;
				CLANG_WARN_NON_LITERAL_NULL_CONVERSION = YES;
				CLANG_WARN_OBJC_IMPLICIT_RETAIN_SELF = YES;
				CLANG_WARN_OBJC_LITERAL_CONVERSION = YES;
				CLANG_WARN_OBJC_ROOT_CLASS = YES_ERROR;
				CLANG_WARN_QUOTED_INCLUDE_IN_FRAMEWORK_HEADER = YES;
				CLANG_WARN_RANGE_LOOP_ANALYSIS = YES;
				CLANG_WARN_STRICT_PROTOTYPES = YES;
				CLANG_WARN_SUSPICIOUS_MOVE = YES;
				CLANG_WARN_UNGUARDED_AVAILABILITY = YES_AGGRESSIVE;
				CLANG_WARN_UNREACHABLE_CODE = YES;
				CLANG_WARN__DUPLICATE_METHOD_MATCH = YES;
				COPY_PHASE_STRIP = NO;
				DEBUG_INFORMATION_FORMAT = "dwarf-with-dsym";
				ENABLE_NS_ASSERTIONS = NO;
				ENABLE_STRICT_OBJC_MSGSEND = YES;
				GCC_C_LANGUAGE_STANDARD = gnu11;
				GCC_NO_COMMON_BLOCKS = YES;
				GCC_WARN_64_TO_32_BIT_CONVERSION = YES;
				GCC_WARN_ABOUT_RETURN_TYPE = YES_ERROR;
				GCC_WARN_UNDECLARED_SELECTOR = YES;
				GCC_WARN_UNINITIALIZED_AUTOS = YES_AGGRESSIVE;
				GCC_WARN_UNUSED_FUNCTION = YES;
				GCC_WARN_UNUSED_VARIABLE = YES;
				IPHONEOS_DEPLOYMENT_TARGET = 15.5;
				MTL_ENABLE_DEBUG_INFO = NO;
				MTL_FAST_MATH = YES;
				SDKROOT = iphoneos;
				SWIFT_COMPILATION_MODE = wholemodule;
				SWIFT_OPTIMIZATION_LEVEL = "-O";
				VALIDATE_PRODUCT = YES;
			};
			name = Release;
		};
		5F505C60291691E40059EC02 /* Debug */ = {
			isa = XCBuildConfiguration;
			buildSettings = {
				ASSETCATALOG_COMPILER_APPICON_NAME = AppIcon;
				ASSETCATALOG_COMPILER_GLOBAL_ACCENT_COLOR_NAME = AccentColor;
				CODE_SIGN_STYLE = Automatic;
				CURRENT_PROJECT_VERSION = 1;
				DEVELOPMENT_TEAM = VC9QSDT88Z;
				GENERATE_INFOPLIST_FILE = YES;
				INFOPLIST_FILE = TwitteeSampleApp/Info.plist;
				INFOPLIST_KEY_UIApplicationSupportsIndirectInputEvents = YES;
				INFOPLIST_KEY_UILaunchStoryboardName = LaunchScreen;
				INFOPLIST_KEY_UIMainStoryboardFile = Main;
				INFOPLIST_KEY_UISupportedInterfaceOrientations_iPad = "UIInterfaceOrientationPortrait UIInterfaceOrientationPortraitUpsideDown UIInterfaceOrientationLandscapeLeft UIInterfaceOrientationLandscapeRight";
				INFOPLIST_KEY_UISupportedInterfaceOrientations_iPhone = "UIInterfaceOrientationPortrait UIInterfaceOrientationLandscapeLeft UIInterfaceOrientationLandscapeRight";
				LD_RUNPATH_SEARCH_PATHS = (
					"$(inherited)",
					"@executable_path/Frameworks",
				);
				MARKETING_VERSION = 1.0;
				PRODUCT_BUNDLE_IDENTIFIER = tutorial.TwitteeSampleApp;
				PRODUCT_NAME = "$(TARGET_NAME)";
				SWIFT_EMIT_LOC_STRINGS = YES;
				SWIFT_VERSION = 5.0;
				TARGETED_DEVICE_FAMILY = "1,2";
			};
			name = Debug;
		};
		5F505C61291691E40059EC02 /* Release */ = {
			isa = XCBuildConfiguration;
			buildSettings = {
				ASSETCATALOG_COMPILER_APPICON_NAME = AppIcon;
				ASSETCATALOG_COMPILER_GLOBAL_ACCENT_COLOR_NAME = AccentColor;
				CODE_SIGN_STYLE = Automatic;
				CURRENT_PROJECT_VERSION = 1;
				DEVELOPMENT_TEAM = VC9QSDT88Z;
				GENERATE_INFOPLIST_FILE = YES;
				INFOPLIST_FILE = TwitteeSampleApp/Info.plist;
				INFOPLIST_KEY_UIApplicationSupportsIndirectInputEvents = YES;
				INFOPLIST_KEY_UILaunchStoryboardName = LaunchScreen;
				INFOPLIST_KEY_UIMainStoryboardFile = Main;
				INFOPLIST_KEY_UISupportedInterfaceOrientations_iPad = "UIInterfaceOrientationPortrait UIInterfaceOrientationPortraitUpsideDown UIInterfaceOrientationLandscapeLeft UIInterfaceOrientationLandscapeRight";
				INFOPLIST_KEY_UISupportedInterfaceOrientations_iPhone = "UIInterfaceOrientationPortrait UIInterfaceOrientationLandscapeLeft UIInterfaceOrientationLandscapeRight";
				LD_RUNPATH_SEARCH_PATHS = (
					"$(inherited)",
					"@executable_path/Frameworks",
				);
				MARKETING_VERSION = 1.0;
				PRODUCT_BUNDLE_IDENTIFIER = tutorial.TwitteeSampleApp;
				PRODUCT_NAME = "$(TARGET_NAME)";
				SWIFT_EMIT_LOC_STRINGS = YES;
				SWIFT_VERSION = 5.0;
				TARGETED_DEVICE_FAMILY = "1,2";
			};
			name = Release;
		};
		5F505C63291691E40059EC02 /* Debug */ = {
			isa = XCBuildConfiguration;
			buildSettings = {
				ALWAYS_EMBED_SWIFT_STANDARD_LIBRARIES = YES;
				BUNDLE_LOADER = "$(TEST_HOST)";
				CODE_SIGN_STYLE = Automatic;
				CURRENT_PROJECT_VERSION = 1;
				DEVELOPMENT_TEAM = VC9QSDT88Z;
				GENERATE_INFOPLIST_FILE = YES;
				IPHONEOS_DEPLOYMENT_TARGET = 15.5;
				MARKETING_VERSION = 1.0;
				PRODUCT_BUNDLE_IDENTIFIER = tutorial.TwitteeSampleAppTests;
				PRODUCT_NAME = "$(TARGET_NAME)";
				SWIFT_EMIT_LOC_STRINGS = NO;
				SWIFT_VERSION = 5.0;
				TARGETED_DEVICE_FAMILY = "1,2";
				TEST_HOST = "$(BUILT_PRODUCTS_DIR)/TwitteeSampleApp.app/TwitteeSampleApp";
			};
			name = Debug;
		};
		5F505C64291691E40059EC02 /* Release */ = {
			isa = XCBuildConfiguration;
			buildSettings = {
				ALWAYS_EMBED_SWIFT_STANDARD_LIBRARIES = YES;
				BUNDLE_LOADER = "$(TEST_HOST)";
				CODE_SIGN_STYLE = Automatic;
				CURRENT_PROJECT_VERSION = 1;
				DEVELOPMENT_TEAM = VC9QSDT88Z;
				GENERATE_INFOPLIST_FILE = YES;
				IPHONEOS_DEPLOYMENT_TARGET = 15.5;
				MARKETING_VERSION = 1.0;
				PRODUCT_BUNDLE_IDENTIFIER = tutorial.TwitteeSampleAppTests;
				PRODUCT_NAME = "$(TARGET_NAME)";
				SWIFT_EMIT_LOC_STRINGS = NO;
				SWIFT_VERSION = 5.0;
				TARGETED_DEVICE_FAMILY = "1,2";
				TEST_HOST = "$(BUILT_PRODUCTS_DIR)/TwitteeSampleApp.app/TwitteeSampleApp";
			};
			name = Release;
		};
		5F505C66291691E40059EC02 /* Debug */ = {
			isa = XCBuildConfiguration;
			buildSettings = {
				ALWAYS_EMBED_SWIFT_STANDARD_LIBRARIES = YES;
				CODE_SIGN_STYLE = Automatic;
				CURRENT_PROJECT_VERSION = 1;
				DEVELOPMENT_TEAM = VC9QSDT88Z;
				GENERATE_INFOPLIST_FILE = YES;
				MARKETING_VERSION = 1.0;
				PRODUCT_BUNDLE_IDENTIFIER = tutorial.TwitteeSampleAppUITests;
				PRODUCT_NAME = "$(TARGET_NAME)";
				SWIFT_EMIT_LOC_STRINGS = NO;
				SWIFT_VERSION = 5.0;
				TARGETED_DEVICE_FAMILY = "1,2";
				TEST_TARGET_NAME = TwitteeSampleApp;
			};
			name = Debug;
		};
		5F505C67291691E40059EC02 /* Release */ = {
			isa = XCBuildConfiguration;
			buildSettings = {
				ALWAYS_EMBED_SWIFT_STANDARD_LIBRARIES = YES;
				CODE_SIGN_STYLE = Automatic;
				CURRENT_PROJECT_VERSION = 1;
				DEVELOPMENT_TEAM = VC9QSDT88Z;
				GENERATE_INFOPLIST_FILE = YES;
				MARKETING_VERSION = 1.0;
				PRODUCT_BUNDLE_IDENTIFIER = tutorial.TwitteeSampleAppUITests;
				PRODUCT_NAME = "$(TARGET_NAME)";
				SWIFT_EMIT_LOC_STRINGS = NO;
				SWIFT_VERSION = 5.0;
				TARGETED_DEVICE_FAMILY = "1,2";
				TEST_TARGET_NAME = TwitteeSampleApp;
			};
			name = Release;
		};
/* End XCBuildConfiguration section */

/* Begin XCConfigurationList section */
		5F505C30291691E30059EC02 /* Build configuration list for PBXProject "TwitteeSampleApp" */ = {
			isa = XCConfigurationList;
			buildConfigurations = (
				5F505C5D291691E40059EC02 /* Debug */,
				5F505C5E291691E40059EC02 /* Release */,
			);
			defaultConfigurationIsVisible = 0;
			defaultConfigurationName = Release;
		};
		5F505C5F291691E40059EC02 /* Build configuration list for PBXNativeTarget "TwitteeSampleApp" */ = {
			isa = XCConfigurationList;
			buildConfigurations = (
				5F505C60291691E40059EC02 /* Debug */,
				5F505C61291691E40059EC02 /* Release */,
			);
			defaultConfigurationIsVisible = 0;
			defaultConfigurationName = Release;
		};
		5F505C62291691E40059EC02 /* Build configuration list for PBXNativeTarget "TwitteeSampleAppTests" */ = {
			isa = XCConfigurationList;
			buildConfigurations = (
				5F505C63291691E40059EC02 /* Debug */,
				5F505C64291691E40059EC02 /* Release */,
			);
			defaultConfigurationIsVisible = 0;
			defaultConfigurationName = Release;
		};
		5F505C65291691E40059EC02 /* Build configuration list for PBXNativeTarget "TwitteeSampleAppUITests" */ = {
			isa = XCConfigurationList;
			buildConfigurations = (
				5F505C66291691E40059EC02 /* Debug */,
				5F505C67291691E40059EC02 /* Release */,
			);
			defaultConfigurationIsVisible = 0;
			defaultConfigurationName = Release;
		};
/* End XCConfigurationList section */
	};
	rootObject = 5F505C2D291691E30059EC02 /* Project object */;
}
